
Microsoft Visual Studio Solution File, Format Version 12.00
# Visual Studio Version 17
VisualStudioVersion = 17.4.33213.308
MinimumVisualStudioVersion = 10.0.40219.1
Project("{FAE04EC0-301F-11D3-BF4B-00C04F79EFBC}") = "ilk", "ilk\ilk.csproj", "{88F7C854-A2D3-4A78-99CA-7390C28F28CF}"
EndProject
Global
	GlobalSection(SolutionConfigurationPlatforms) = preSolution
		Debug|Any CPU = Debug|Any CPU
		Release|Any CPU = Release|Any CPU
	EndGlobalSection
	GlobalSection(ProjectConfigurationPlatforms) = postSolution
		{88F7C854-A2D3-4A78-99CA-7390C28F28CF}.Debug|Any CPU.ActiveCfg = Debug|Any CPU
		{88F7C854-A2D3-4A78-99CA-7390C28F28CF}.Debug|Any CPU.Build.0 = Debug|Any CPU
		{88F7C854-A2D3-4A78-99CA-7390C28F28CF}.Release|Any CPU.ActiveCfg = Release|Any CPU
		{88F7C854-A2D3-4A78-99CA-7390C28F28CF}.Release|Any CPU.Build.0 = Release|Any CPU
	EndGlobalSection
	GlobalSection(SolutionProperties) = preSolution
		HideSolutionNode = FALSE
	EndGlobalSection
	GlobalSection(ExtensibilityGlobals) = postSolution
		SolutionGuid = {1E72EE6A-93DE-4C66-9956-85D57570C6D2}
	EndGlobalSection
EndGlobal
